
Microsoft Visual Studio Solution File, Format Version 12.00
# Visual Studio Version 17
VisualStudioVersion = 17.5.002.0
MinimumVisualStudioVersion = 10.0.40219.1
Project("{2150E333-8FDC-42A3-9474-1A3956D46DE8}") = "csharp-prep", "csharp-prep", "{C4E62AA3-686A-469C-ABA9-28EAB498AA03}"
EndProject
Project("{9A19103F-16F7-4668-BE54-9A1E7A4F7556}") = "Prep1", "csharp-prep\Prep1\Prep1.csproj", "{2A506FAB-F490-4D08-B257-9C8C0A65690D}"
EndProject
Project("{9A19103F-16F7-4668-BE54-9A1E7A4F7556}") = "Prep2", "csharp-prep\Prep2\Prep2.csproj", "{047C7B3B-5F31-4BCC-BD2B-86C8B88F442E}"
EndProject
Project("{9A19103F-16F7-4668-BE54-9A1E7A4F7556}") = "Prep3", "csharp-prep\Prep3\Prep3.csproj", "{C2B43FAD-3DA1-48FD-828A-054A51BA10D2}"
EndProject
Project("{9A19103F-16F7-4668-BE54-9A1E7A4F7556}") = "Prep4", "csharp-prep\Prep4\Prep4.csproj", "{2D20CD70-54F3-4BC4-8326-B0BF824415C0}"
EndProject
Project("{9A19103F-16F7-4668-BE54-9A1E7A4F7556}") = "Prep5", "csharp-prep\Prep5\Prep5.csproj", "{D35D838A-7A31-4313-942D-868467505749}"
EndProject
Project("{2150E333-8FDC-42A3-9474-1A3956D46DE8}") = "final", "final", "{B57ACE7E-F68D-4BF6-B2B3-906A9C21A2EB}"
EndProject
Project("{9A19103F-16F7-4668-BE54-9A1E7A4F7556}") = "FinalProject", "final\FinalProject\FinalProject.csproj", "{CEE47B67-6D32-41D0-A3CD-38D951A7B6B3}"
EndProject
Project("{9A19103F-16F7-4668-BE54-9A1E7A4F7556}") = "Foundation1", "final\Foundation1\Foundation1.csproj", "{C3308368-AF16-4807-A2AD-26C34CC56C47}"
EndProject
Project("{9A19103F-16F7-4668-BE54-9A1E7A4F7556}") = "Foundation2", "final\Foundation2\Foundation2.csproj", "{5DE7C060-4609-41D1-986F-F33FA693ECFC}"
EndProject
Project("{9A19103F-16F7-4668-BE54-9A1E7A4F7556}") = "Foundation3", "final\Foundation3\Foundation3.csproj", "{1099D679-777F-4B5D-A7E3-90C1FC9D317B}"
EndProject
Project("{9A19103F-16F7-4668-BE54-9A1E7A4F7556}") = "Foundation4", "final\Foundation4\Foundation4.csproj", "{2D172473-1740-4398-9BBE-C80594BBF660}"
EndProject
Project("{2150E333-8FDC-42A3-9474-1A3956D46DE8}") = "prepare", "prepare", "{977C3A4C-75E1-4382-85DB-A54C1D6E8CD8}"
EndProject
Project("{9A19103F-16F7-4668-BE54-9A1E7A4F7556}") = "Learning02", "prepare\Learning02\Learning02.csproj", "{0335B80A-13BC-4521-BD39-3F6323BC286D}"
EndProject
Project("{9A19103F-16F7-4668-BE54-9A1E7A4F7556}") = "Learning03", "prepare\Learning03\Learning03.csproj", "{215CBC80-79CE-4B70-B8E0-37299AD31C85}"
EndProject
Project("{9A19103F-16F7-4668-BE54-9A1E7A4F7556}") = "Learning04", "prepare\Learning04\Learning04.csproj", "{C77AB31B-8230-419F-BBC0-BAE044BF63B9}"
EndProject
Project("{9A19103F-16F7-4668-BE54-9A1E7A4F7556}") = "Learning05", "prepare\Learning05\Learning05.csproj", "{0D381D58-6C2D-4BB3-9D54-AE8D9A85F9C3}"
EndProject
Project("{2150E333-8FDC-42A3-9474-1A3956D46DE8}") = "prove", "prove", "{B3A3CCF5-CBF1-46BE-9FFD-85BA76BDD2FD}"
EndProject
Project("{9A19103F-16F7-4668-BE54-9A1E7A4F7556}") = "Develop02", "prove\Develop02\Develop02.csproj", "{C0505DC0-9E6F-457E-88C1-949E251B2436}"
EndProject
Project("{9A19103F-16F7-4668-BE54-9A1E7A4F7556}") = "Develop03", "prove\Develop03\Develop03.csproj", "{2114ECCB-303A-4568-BC51-0CC9DAAD63BE}"
EndProject
Project("{9A19103F-16F7-4668-BE54-9A1E7A4F7556}") = "Develop04", "prove\Develop04\Develop04.csproj", "{92B94B3A-C369-4E15-9FBA-576667AB4DC2}"
EndProject
Project("{9A19103F-16F7-4668-BE54-9A1E7A4F7556}") = "Develop05", "prove\Develop05\Develop05.csproj", "{880F741E-C4E4-442F-A74B-14A81322CF43}"
EndProject
Project("{2150E333-8FDC-42A3-9474-1A3956D46DE8}") = "sandbox", "sandbox", "{2F910266-AB87-48BB-B3B1-32FF5CE4EC0F}"
EndProject
Project("{9A19103F-16F7-4668-BE54-9A1E7A4F7556}") = "Sandbox", "sandbox\Sandbox\Sandbox.csproj", "{A18E447A-4EC2-4152-9273-E4EC61DD645C}"
EndProject
Global
	GlobalSection(SolutionConfigurationPlatforms) = preSolution
		Debug|Any CPU = Debug|Any CPU
		Release|Any CPU = Release|Any CPU
	EndGlobalSection
	GlobalSection(ProjectConfigurationPlatforms) = postSolution
		{2A506FAB-F490-4D08-B257-9C8C0A65690D}.Debug|Any CPU.ActiveCfg = Debug|Any CPU
		{2A506FAB-F490-4D08-B257-9C8C0A65690D}.Debug|Any CPU.Build.0 = Debug|Any CPU
		{2A506FAB-F490-4D08-B257-9C8C0A65690D}.Release|Any CPU.ActiveCfg = Release|Any CPU
		{2A506FAB-F490-4D08-B257-9C8C0A65690D}.Release|Any CPU.Build.0 = Release|Any CPU
		{047C7B3B-5F31-4BCC-BD2B-86C8B88F442E}.Debug|Any CPU.ActiveCfg = Debug|Any CPU
		{047C7B3B-5F31-4BCC-BD2B-86C8B88F442E}.Debug|Any CPU.Build.0 = Debug|Any CPU
		{047C7B3B-5F31-4BCC-BD2B-86C8B88F442E}.Release|Any CPU.ActiveCfg = Release|Any CPU
		{047C7B3B-5F31-4BCC-BD2B-86C8B88F442E}.Release|Any CPU.Build.0 = Release|Any CPU
		{C2B43FAD-3DA1-48FD-828A-054A51BA10D2}.Debug|Any CPU.ActiveCfg = Debug|Any CPU
		{C2B43FAD-3DA1-48FD-828A-054A51BA10D2}.Debug|Any CPU.Build.0 = Debug|Any CPU
		{C2B43FAD-3DA1-48FD-828A-054A51BA10D2}.Release|Any CPU.ActiveCfg = Release|Any CPU
		{C2B43FAD-3DA1-48FD-828A-054A51BA10D2}.Release|Any CPU.Build.0 = Release|Any CPU
		{2D20CD70-54F3-4BC4-8326-B0BF824415C0}.Debug|Any CPU.ActiveCfg = Debug|Any CPU
		{2D20CD70-54F3-4BC4-8326-B0BF824415C0}.Debug|Any CPU.Build.0 = Debug|Any CPU
		{2D20CD70-54F3-4BC4-8326-B0BF824415C0}.Release|Any CPU.ActiveCfg = Release|Any CPU
		{2D20CD70-54F3-4BC4-8326-B0BF824415C0}.Release|Any CPU.Build.0 = Release|Any CPU
		{D35D838A-7A31-4313-942D-868467505749}.Debug|Any CPU.ActiveCfg = Debug|Any CPU
		{D35D838A-7A31-4313-942D-868467505749}.Debug|Any CPU.Build.0 = Debug|Any CPU
		{D35D838A-7A31-4313-942D-868467505749}.Release|Any CPU.ActiveCfg = Release|Any CPU
		{D35D838A-7A31-4313-942D-868467505749}.Release|Any CPU.Build.0 = Release|Any CPU
		{CEE47B67-6D32-41D0-A3CD-38D951A7B6B3}.Debug|Any CPU.ActiveCfg = Debug|Any CPU
		{CEE47B67-6D32-41D0-A3CD-38D951A7B6B3}.Debug|Any CPU.Build.0 = Debug|Any CPU
		{CEE47B67-6D32-41D0-A3CD-38D951A7B6B3}.Release|Any CPU.ActiveCfg = Release|Any CPU
		{CEE47B67-6D32-41D0-A3CD-38D951A7B6B3}.Release|Any CPU.Build.0 = Release|Any CPU
		{C3308368-AF16-4807-A2AD-26C34CC56C47}.Debug|Any CPU.ActiveCfg = Debug|Any CPU
		{C3308368-AF16-4807-A2AD-26C34CC56C47}.Debug|Any CPU.Build.0 = Debug|Any CPU
		{C3308368-AF16-4807-A2AD-26C34CC56C47}.Release|Any CPU.ActiveCfg = Release|Any CPU
		{C3308368-AF16-4807-A2AD-26C34CC56C47}.Release|Any CPU.Build.0 = Release|Any CPU
		{5DE7C060-4609-41D1-986F-F33FA693ECFC}.Debug|Any CPU.ActiveCfg = Debug|Any CPU
		{5DE7C060-4609-41D1-986F-F33FA693ECFC}.Debug|Any CPU.Build.0 = Debug|Any CPU
		{5DE7C060-4609-41D1-986F-F33FA693ECFC}.Release|Any CPU.ActiveCfg = Release|Any CPU
		{5DE7C060-4609-41D1-986F-F33FA693ECFC}.Release|Any CPU.Build.0 = Release|Any CPU
		{1099D679-777F-4B5D-A7E3-90C1FC9D317B}.Debug|Any CPU.ActiveCfg = Debug|Any CPU
		{1099D679-777F-4B5D-A7E3-90C1FC9D317B}.Debug|Any CPU.Build.0 = Debug|Any CPU
		{1099D679-777F-4B5D-A7E3-90C1FC9D317B}.Release|Any CPU.ActiveCfg = Release|Any CPU
		{1099D679-777F-4B5D-A7E3-90C1FC9D317B}.Release|Any CPU.Build.0 = Release|Any CPU
		{2D172473-1740-4398-9BBE-C80594BBF660}.Debug|Any CPU.ActiveCfg = Debug|Any CPU
		{2D172473-1740-4398-9BBE-C80594BBF660}.Debug|Any CPU.Build.0 = Debug|Any CPU
		{2D172473-1740-4398-9BBE-C80594BBF660}.Release|Any CPU.ActiveCfg = Release|Any CPU
		{2D172473-1740-4398-9BBE-C80594BBF660}.Release|Any CPU.Build.0 = Release|Any CPU
		{0335B80A-13BC-4521-BD39-3F6323BC286D}.Debug|Any CPU.ActiveCfg = Debug|Any CPU
		{0335B80A-13BC-4521-BD39-3F6323BC286D}.Debug|Any CPU.Build.0 = Debug|Any CPU
		{0335B80A-13BC-4521-BD39-3F6323BC286D}.Release|Any CPU.ActiveCfg = Release|Any CPU
		{0335B80A-13BC-4521-BD39-3F6323BC286D}.Release|Any CPU.Build.0 = Release|Any CPU
		{215CBC80-79CE-4B70-B8E0-37299AD31C85}.Debug|Any CPU.ActiveCfg = Debug|Any CPU
		{215CBC80-79CE-4B70-B8E0-37299AD31C85}.Debug|Any CPU.Build.0 = Debug|Any CPU
		{215CBC80-79CE-4B70-B8E0-37299AD31C85}.Release|Any CPU.ActiveCfg = Release|Any CPU
		{215CBC80-79CE-4B70-B8E0-37299AD31C85}.Release|Any CPU.Build.0 = Release|Any CPU
		{C77AB31B-8230-419F-BBC0-BAE044BF63B9}.Debug|Any CPU.ActiveCfg = Debug|Any CPU
		{C77AB31B-8230-419F-BBC0-BAE044BF63B9}.Debug|Any CPU.Build.0 = Debug|Any CPU
		{C77AB31B-8230-419F-BBC0-BAE044BF63B9}.Release|Any CPU.ActiveCfg = Release|Any CPU
		{C77AB31B-8230-419F-BBC0-BAE044BF63B9}.Release|Any CPU.Build.0 = Release|Any CPU
		{0D381D58-6C2D-4BB3-9D54-AE8D9A85F9C3}.Debug|Any CPU.ActiveCfg = Debug|Any CPU
		{0D381D58-6C2D-4BB3-9D54-AE8D9A85F9C3}.Debug|Any CPU.Build.0 = Debug|Any CPU
		{0D381D58-6C2D-4BB3-9D54-AE8D9A85F9C3}.Release|Any CPU.ActiveCfg = Release|Any CPU
		{0D381D58-6C2D-4BB3-9D54-AE8D9A85F9C3}.Release|Any CPU.Build.0 = Release|Any CPU
		{C0505DC0-9E6F-457E-88C1-949E251B2436}.Debug|Any CPU.ActiveCfg = Debug|Any CPU
		{C0505DC0-9E6F-457E-88C1-949E251B2436}.Debug|Any CPU.Build.0 = Debug|Any CPU
		{C0505DC0-9E6F-457E-88C1-949E251B2436}.Release|Any CPU.ActiveCfg = Release|Any CPU
		{C0505DC0-9E6F-457E-88C1-949E251B2436}.Release|Any CPU.Build.0 = Release|Any CPU
		{2114ECCB-303A-4568-BC51-0CC9DAAD63BE}.Debug|Any CPU.ActiveCfg = Debug|Any CPU
		{2114ECCB-303A-4568-BC51-0CC9DAAD63BE}.Debug|Any CPU.Build.0 = Debug|Any CPU
		{2114ECCB-303A-4568-BC51-0CC9DAAD63BE}.Release|Any CPU.ActiveCfg = Release|Any CPU
		{2114ECCB-303A-4568-BC51-0CC9DAAD63BE}.Release|Any CPU.Build.0 = Release|Any CPU
		{92B94B3A-C369-4E15-9FBA-576667AB4DC2}.Debug|Any CPU.ActiveCfg = Debug|Any CPU
		{92B94B3A-C369-4E15-9FBA-576667AB4DC2}.Debug|Any CPU.Build.0 = Debug|Any CPU
		{92B94B3A-C369-4E15-9FBA-576667AB4DC2}.Release|Any CPU.ActiveCfg = Release|Any CPU
		{92B94B3A-C369-4E15-9FBA-576667AB4DC2}.Release|Any CPU.Build.0 = Release|Any CPU
		{880F741E-C4E4-442F-A74B-14A81322CF43}.Debug|Any CPU.ActiveCfg = Debug|Any CPU
		{880F741E-C4E4-442F-A74B-14A81322CF43}.Debug|Any CPU.Build.0 = Debug|Any CPU
		{880F741E-C4E4-442F-A74B-14A81322CF43}.Release|Any CPU.ActiveCfg = Release|Any CPU
		{880F741E-C4E4-442F-A74B-14A81322CF43}.Release|Any CPU.Build.0 = Release|Any CPU
		{A18E447A-4EC2-4152-9273-E4EC61DD645C}.Debug|Any CPU.ActiveCfg = Debug|Any CPU
		{A18E447A-4EC2-4152-9273-E4EC61DD645C}.Debug|Any CPU.Build.0 = Debug|Any CPU
		{A18E447A-4EC2-4152-9273-E4EC61DD645C}.Release|Any CPU.ActiveCfg = Release|Any CPU
		{A18E447A-4EC2-4152-9273-E4EC61DD645C}.Release|Any CPU.Build.0 = Release|Any CPU
	EndGlobalSection
	GlobalSection(SolutionProperties) = preSolution
		HideSolutionNode = FALSE
	EndGlobalSection
	GlobalSection(NestedProjects) = preSolution
		{2A506FAB-F490-4D08-B257-9C8C0A65690D} = {C4E62AA3-686A-469C-ABA9-28EAB498AA03}
		{047C7B3B-5F31-4BCC-BD2B-86C8B88F442E} = {C4E62AA3-686A-469C-ABA9-28EAB498AA03}
		{C2B43FAD-3DA1-48FD-828A-054A51BA10D2} = {C4E62AA3-686A-469C-ABA9-28EAB498AA03}
		{2D20CD70-54F3-4BC4-8326-B0BF824415C0} = {C4E62AA3-686A-469C-ABA9-28EAB498AA03}
		{D35D838A-7A31-4313-942D-868467505749} = {C4E62AA3-686A-469C-ABA9-28EAB498AA03}
		{CEE47B67-6D32-41D0-A3CD-38D951A7B6B3} = {B57ACE7E-F68D-4BF6-B2B3-906A9C21A2EB}
		{C3308368-AF16-4807-A2AD-26C34CC56C47} = {B57ACE7E-F68D-4BF6-B2B3-906A9C21A2EB}
		{5DE7C060-4609-41D1-986F-F33FA693ECFC} = {B57ACE7E-F68D-4BF6-B2B3-906A9C21A2EB}
		{1099D679-777F-4B5D-A7E3-90C1FC9D317B} = {B57ACE7E-F68D-4BF6-B2B3-906A9C21A2EB}
		{2D172473-1740-4398-9BBE-C80594BBF660} = {B57ACE7E-F68D-4BF6-B2B3-906A9C21A2EB}
		{0335B80A-13BC-4521-BD39-3F6323BC286D} = {977C3A4C-75E1-4382-85DB-A54C1D6E8CD8}
		{215CBC80-79CE-4B70-B8E0-37299AD31C85} = {977C3A4C-75E1-4382-85DB-A54C1D6E8CD8}
		{C77AB31B-8230-419F-BBC0-BAE044BF63B9} = {977C3A4C-75E1-4382-85DB-A54C1D6E8CD8}
		{0D381D58-6C2D-4BB3-9D54-AE8D9A85F9C3} = {977C3A4C-75E1-4382-85DB-A54C1D6E8CD8}
		{C0505DC0-9E6F-457E-88C1-949E251B2436} = {B3A3CCF5-CBF1-46BE-9FFD-85BA76BDD2FD}
		{2114ECCB-303A-4568-BC51-0CC9DAAD63BE} = {B3A3CCF5-CBF1-46BE-9FFD-85BA76BDD2FD}
		{92B94B3A-C369-4E15-9FBA-576667AB4DC2} = {B3A3CCF5-CBF1-46BE-9FFD-85BA76BDD2FD}
		{880F741E-C4E4-442F-A74B-14A81322CF43} = {B3A3CCF5-CBF1-46BE-9FFD-85BA76BDD2FD}
		{A18E447A-4EC2-4152-9273-E4EC61DD645C} = {2F910266-AB87-48BB-B3B1-32FF5CE4EC0F}
	EndGlobalSection
	GlobalSection(ExtensibilityGlobals) = postSolution
		SolutionGuid = {3BC6B828-B659-4F48-84C6-CCAD4099DB9F}
	EndGlobalSection
EndGlobal
